schema: '2.0'
stages:
  clean_data:
    cmd: python src\data\clean_data.py
    deps:
    - path: data\training
      md5: 7a96cfa2ff8c169761a068447405c17e.dir
      size: 5926077
      nfiles: 3
    - path: src\data\clean_data.py
      md5: 1bf54ccc4526c5f309e23e21fd890f66
      size: 2320
    params:
      params.yaml:
        data_source.data_folders: data
        data_source.prepared.clean_train: clean_train.csv
        data_source.prepared.folder: prepared
        data_source.training_data_folder.folder: training
        data_source.training_data_folder.train: train.csv
    outs:
    - path: data\prepared
      md5: 2e7cc66824fef408d3cd52a5e2e05d25.dir
      size: 595870
      nfiles: 1
  feature_tfidf_vectorizer:
    cmd: python -W ignore src\data\tfidf_feature_vectorizer.py
    deps:
    - path: data\prepared
      md5: 2e7cc66824fef408d3cd52a5e2e05d25.dir
      size: 595870
      nfiles: 1
    - path: src\data\tfidf_feature_vectorizer.py
      md5: 2bcaa601c813b070aa334093b2235115
      size: 2134
    - path: src\models\feature_eng\TFIDFVectorizerEncoding.py
      md5: bb310375bc429a741f3990ab86e2e525
      size: 5835
    params:
      params.yaml:
        data_source.data_folders: data
        data_source.prepared.clean_train: clean_train.csv
        data_source.prepared.folder: prepared
        featurize.tfidf:
          random_seed: 2023
          dim_reduction: 1
          var_explained: 0.2
          output:
            folder: feature\tfidf
            filename: tfidf.parquet
    outs:
    - path: data\feature\tfidf
      md5: 9dd229513cebbc559ab89e8b457dee43.dir
      size: 1344350
      nfiles: 1
  feature_count_vectorizer:
    cmd: python -W ignore src\data\count_feature_vectorizer.py
    deps:
    - path: data\prepared
      md5: 2e7cc66824fef408d3cd52a5e2e05d25.dir
      size: 595870
      nfiles: 1
    - path: src\data\count_feature_vectorizer.py
      md5: 8c169322aeb9e060360aaa1b76bce69d
      size: 2225
    - path: src\models\feature_eng\CountVectorizerEncoding.py
      md5: 5227bb0328d30c2ee50cda49558d5e69
      size: 5661
    params:
      params.yaml:
        data_source.data_folders: data
        data_source.prepared.clean_train: clean_train.csv
        data_source.prepared.folder: prepared
        featurize.count_vector:
          random_seed: 2023
          dim_reduction: 1
          var_explained: 0.9
          output:
            folder: feature\cntvector
            filename: count_vectorizer.parquet
    outs:
    - path: data\feature\cntvector
      md5: a99b9dda0068f2ba2f8d9f0e9a362b2e.dir
      size: 7922415
      nfiles: 1
