schema: '2.0'
stages:
  clean_data:
    cmd: python src\data\clean_data.py
    deps:
    - path: data\training
      md5: 7a96cfa2ff8c169761a068447405c17e.dir
      size: 5926077
      nfiles: 3
    - path: src\data\clean_data.py
      md5: 446fefd52294d288399ab790a42b6388
      size: 2633
    params:
      params.yaml:
        data_source.data_folders: data
        data_source.prepared.clean_train: clean_train.csv
        data_source.prepared.folder: prepared
        data_source.training_data_folder.folder: training
        data_source.training_data_folder.train: train.csv
    outs:
    - path: data\prepared
      md5: 15682c488e4b458bdc8b68fb97c82852.dir
      size: 591595
      nfiles: 1
